
Microsoft Visual Studio Solution File, Format Version 12.00
# Visual Studio 14
VisualStudioVersion = 14.0.25123.0
MinimumVisualStudioVersion = 10.0.40219.1
Project("{FAE04EC0-301F-11D3-BF4B-00C04F79EFBC}") = "Qualtrix", "Qualtrix.csproj", "{371E0B52-A407-4753-BD2C-D3C9115ADAAB}"
EndProject
Project("{FAE04EC0-301F-11D3-BF4B-00C04F79EFBC}") = "QualtrixTests", "..\QualtrixTests\QualtrixTests.csproj", "{9903F39B-D998-4E0A-817F-DE8C405E10B3}"
EndProject
Global
	GlobalSection(SolutionConfigurationPlatforms) = preSolution
		Debug|Any CPU = Debug|Any CPU
		Release|Any CPU = Release|Any CPU
	EndGlobalSection
	GlobalSection(ProjectConfigurationPlatforms) = postSolution
		{371E0B52-A407-4753-BD2C-D3C9115ADAAB}.Debug|Any CPU.ActiveCfg = Debug|Any CPU
		{371E0B52-A407-4753-BD2C-D3C9115ADAAB}.Debug|Any CPU.Build.0 = Debug|Any CPU
		{371E0B52-A407-4753-BD2C-D3C9115ADAAB}.Release|Any CPU.ActiveCfg = Release|Any CPU
		{371E0B52-A407-4753-BD2C-D3C9115ADAAB}.Release|Any CPU.Build.0 = Release|Any CPU
		{9903F39B-D998-4E0A-817F-DE8C405E10B3}.Debug|Any CPU.ActiveCfg = Debug|Any CPU
		{9903F39B-D998-4E0A-817F-DE8C405E10B3}.Debug|Any CPU.Build.0 = Debug|Any CPU
		{9903F39B-D998-4E0A-817F-DE8C405E10B3}.Release|Any CPU.ActiveCfg = Release|Any CPU
		{9903F39B-D998-4E0A-817F-DE8C405E10B3}.Release|Any CPU.Build.0 = Release|Any CPU
	EndGlobalSection
	GlobalSection(SolutionProperties) = preSolution
		HideSolutionNode = FALSE
	EndGlobalSection
EndGlobal
